
Microsoft Visual Studio Solution File, Format Version 12.00
# Visual Studio Version 17
VisualStudioVersion = 17.0.31903.59
MinimumVisualStudioVersion = 10.0.40219.1
Project("{2150E333-8FDC-42A3-9474-1A3956D46DE8}") = "src", "src", "{827E0CD3-B72D-47B6-A68D-7590B98EB39B}"
EndProject
Project("{FAE04EC0-301F-11D3-BF4B-00C04F79EFBC}") = "Ego.Domain", "src\Ego.Domain\Ego.Domain.csproj", "{242FD029-255C-43D3-B893-962FA7FB9FEA}"
EndProject
Project("{FAE04EC0-301F-11D3-BF4B-00C04F79EFBC}") = "Ego.Application", "src\Ego.Application\Ego.Application.csproj", "{A1D1D0D2-60BF-41FA-B79D-3D735A293574}"
EndProject
Project("{FAE04EC0-301F-11D3-BF4B-00C04F79EFBC}") = "Ego.Infrastructure", "src\Ego.Infrastructure\Ego.Infrastructure.csproj", "{BDC052C2-105C-4929-8C38-FE4730380EBA}"
EndProject
Project("{FAE04EC0-301F-11D3-BF4B-00C04F79EFBC}") = "Ego.Api", "src\Ego.Api\Ego.Api.csproj", "{48F8145E-0771-4014-B3E9-3630B13C6D00}"
EndProject
Project("{2150E333-8FDC-42A3-9474-1A3956D46DE8}") = "tests", "tests", "{0AB3BF05-4346-4AA6-1389-037BE0695223}"
EndProject
Project("{FAE04EC0-301F-11D3-BF4B-00C04F79EFBC}") = "Ego.Application.Tests", "tests\Ego.Application.Tests\Ego.Application.Tests.csproj", "{B81C5815-67EF-4730-87EC-9F9E482FA697}"
EndProject
Global
	GlobalSection(SolutionConfigurationPlatforms) = preSolution
		Debug|Any CPU = Debug|Any CPU
		Debug|x64 = Debug|x64
		Debug|x86 = Debug|x86
		Release|Any CPU = Release|Any CPU
		Release|x64 = Release|x64
		Release|x86 = Release|x86
	EndGlobalSection
	GlobalSection(ProjectConfigurationPlatforms) = postSolution
		{242FD029-255C-43D3-B893-962FA7FB9FEA}.Debug|Any CPU.ActiveCfg = Debug|Any CPU
		{242FD029-255C-43D3-B893-962FA7FB9FEA}.Debug|Any CPU.Build.0 = Debug|Any CPU
		{242FD029-255C-43D3-B893-962FA7FB9FEA}.Debug|x64.ActiveCfg = Debug|Any CPU
		{242FD029-255C-43D3-B893-962FA7FB9FEA}.Debug|x64.Build.0 = Debug|Any CPU
		{242FD029-255C-43D3-B893-962FA7FB9FEA}.Debug|x86.ActiveCfg = Debug|Any CPU
		{242FD029-255C-43D3-B893-962FA7FB9FEA}.Debug|x86.Build.0 = Debug|Any CPU
		{242FD029-255C-43D3-B893-962FA7FB9FEA}.Release|Any CPU.ActiveCfg = Release|Any CPU
		{242FD029-255C-43D3-B893-962FA7FB9FEA}.Release|Any CPU.Build.0 = Release|Any CPU
		{242FD029-255C-43D3-B893-962FA7FB9FEA}.Release|x64.ActiveCfg = Release|Any CPU
		{242FD029-255C-43D3-B893-962FA7FB9FEA}.Release|x64.Build.0 = Release|Any CPU
		{242FD029-255C-43D3-B893-962FA7FB9FEA}.Release|x86.ActiveCfg = Release|Any CPU
		{242FD029-255C-43D3-B893-962FA7FB9FEA}.Release|x86.Build.0 = Release|Any CPU
		{A1D1D0D2-60BF-41FA-B79D-3D735A293574}.Debug|Any CPU.ActiveCfg = Debug|Any CPU
		{A1D1D0D2-60BF-41FA-B79D-3D735A293574}.Debug|Any CPU.Build.0 = Debug|Any CPU
		{A1D1D0D2-60BF-41FA-B79D-3D735A293574}.Debug|x64.ActiveCfg = Debug|Any CPU
		{A1D1D0D2-60BF-41FA-B79D-3D735A293574}.Debug|x64.Build.0 = Debug|Any CPU
		{A1D1D0D2-60BF-41FA-B79D-3D735A293574}.Debug|x86.ActiveCfg = Debug|Any CPU
		{A1D1D0D2-60BF-41FA-B79D-3D735A293574}.Debug|x86.Build.0 = Debug|Any CPU
		{A1D1D0D2-60BF-41FA-B79D-3D735A293574}.Release|Any CPU.ActiveCfg = Release|Any CPU
		{A1D1D0D2-60BF-41FA-B79D-3D735A293574}.Release|Any CPU.Build.0 = Release|Any CPU
		{A1D1D0D2-60BF-41FA-B79D-3D735A293574}.Release|x64.ActiveCfg = Release|Any CPU
		{A1D1D0D2-60BF-41FA-B79D-3D735A293574}.Release|x64.Build.0 = Release|Any CPU
		{A1D1D0D2-60BF-41FA-B79D-3D735A293574}.Release|x86.ActiveCfg = Release|Any CPU
		{A1D1D0D2-60BF-41FA-B79D-3D735A293574}.Release|x86.Build.0 = Release|Any CPU
		{BDC052C2-105C-4929-8C38-FE4730380EBA}.Debug|Any CPU.ActiveCfg = Debug|Any CPU
		{BDC052C2-105C-4929-8C38-FE4730380EBA}.Debug|Any CPU.Build.0 = Debug|Any CPU
		{BDC052C2-105C-4929-8C38-FE4730380EBA}.Debug|x64.ActiveCfg = Debug|Any CPU
		{BDC052C2-105C-4929-8C38-FE4730380EBA}.Debug|x64.Build.0 = Debug|Any CPU
		{BDC052C2-105C-4929-8C38-FE4730380EBA}.Debug|x86.ActiveCfg = Debug|Any CPU
		{BDC052C2-105C-4929-8C38-FE4730380EBA}.Debug|x86.Build.0 = Debug|Any CPU
		{BDC052C2-105C-4929-8C38-FE4730380EBA}.Release|Any CPU.ActiveCfg = Release|Any CPU
		{BDC052C2-105C-4929-8C38-FE4730380EBA}.Release|Any CPU.Build.0 = Release|Any CPU
		{BDC052C2-105C-4929-8C38-FE4730380EBA}.Release|x64.ActiveCfg = Release|Any CPU
		{BDC052C2-105C-4929-8C38-FE4730380EBA}.Release|x64.Build.0 = Release|Any CPU
		{BDC052C2-105C-4929-8C38-FE4730380EBA}.Release|x86.ActiveCfg = Release|Any CPU
		{BDC052C2-105C-4929-8C38-FE4730380EBA}.Release|x86.Build.0 = Release|Any CPU
		{48F8145E-0771-4014-B3E9-3630B13C6D00}.Debug|Any CPU.ActiveCfg = Debug|Any CPU
		{48F8145E-0771-4014-B3E9-3630B13C6D00}.Debug|Any CPU.Build.0 = Debug|Any CPU
		{48F8145E-0771-4014-B3E9-3630B13C6D00}.Debug|x64.ActiveCfg = Debug|Any CPU
		{48F8145E-0771-4014-B3E9-3630B13C6D00}.Debug|x64.Build.0 = Debug|Any CPU
		{48F8145E-0771-4014-B3E9-3630B13C6D00}.Debug|x86.ActiveCfg = Debug|Any CPU
		{48F8145E-0771-4014-B3E9-3630B13C6D00}.Debug|x86.Build.0 = Debug|Any CPU
		{48F8145E-0771-4014-B3E9-3630B13C6D00}.Release|Any CPU.ActiveCfg = Release|Any CPU
		{48F8145E-0771-4014-B3E9-3630B13C6D00}.Release|Any CPU.Build.0 = Release|Any CPU
		{48F8145E-0771-4014-B3E9-3630B13C6D00}.Release|x64.ActiveCfg = Release|Any CPU
		{48F8145E-0771-4014-B3E9-3630B13C6D00}.Release|x64.Build.0 = Release|Any CPU
		{48F8145E-0771-4014-B3E9-3630B13C6D00}.Release|x86.ActiveCfg = Release|Any CPU
		{48F8145E-0771-4014-B3E9-3630B13C6D00}.Release|x86.Build.0 = Release|Any CPU
		{B81C5815-67EF-4730-87EC-9F9E482FA697}.Debug|Any CPU.ActiveCfg = Debug|Any CPU
		{B81C5815-67EF-4730-87EC-9F9E482FA697}.Debug|Any CPU.Build.0 = Debug|Any CPU
		{B81C5815-67EF-4730-87EC-9F9E482FA697}.Debug|x64.ActiveCfg = Debug|Any CPU
		{B81C5815-67EF-4730-87EC-9F9E482FA697}.Debug|x64.Build.0 = Debug|Any CPU
		{B81C5815-67EF-4730-87EC-9F9E482FA697}.Debug|x86.ActiveCfg = Debug|Any CPU
		{B81C5815-67EF-4730-87EC-9F9E482FA697}.Debug|x86.Build.0 = Debug|Any CPU
		{B81C5815-67EF-4730-87EC-9F9E482FA697}.Release|Any CPU.ActiveCfg = Release|Any CPU
		{B81C5815-67EF-4730-87EC-9F9E482FA697}.Release|Any CPU.Build.0 = Release|Any CPU
		{B81C5815-67EF-4730-87EC-9F9E482FA697}.Release|x64.ActiveCfg = Release|Any CPU
		{B81C5815-67EF-4730-87EC-9F9E482FA697}.Release|x64.Build.0 = Release|Any CPU
		{B81C5815-67EF-4730-87EC-9F9E482FA697}.Release|x86.ActiveCfg = Release|Any CPU
		{B81C5815-67EF-4730-87EC-9F9E482FA697}.Release|x86.Build.0 = Release|Any CPU
	EndGlobalSection
	GlobalSection(SolutionProperties) = preSolution
		HideSolutionNode = FALSE
	EndGlobalSection
	GlobalSection(NestedProjects) = preSolution
		{242FD029-255C-43D3-B893-962FA7FB9FEA} = {827E0CD3-B72D-47B6-A68D-7590B98EB39B}
		{A1D1D0D2-60BF-41FA-B79D-3D735A293574} = {827E0CD3-B72D-47B6-A68D-7590B98EB39B}
		{BDC052C2-105C-4929-8C38-FE4730380EBA} = {827E0CD3-B72D-47B6-A68D-7590B98EB39B}
		{48F8145E-0771-4014-B3E9-3630B13C6D00} = {827E0CD3-B72D-47B6-A68D-7590B98EB39B}
		{B81C5815-67EF-4730-87EC-9F9E482FA697} = {0AB3BF05-4346-4AA6-1389-037BE0695223}
	EndGlobalSection
EndGlobal
